
Microsoft Visual Studio Solution File, Format Version 12.00
# Visual Studio 15
VisualStudioVersion = 15.0.27428.2005
MinimumVisualStudioVersion = 10.0.40219.1
Project("{FAE04EC0-301F-11D3-BF4B-00C04F79EFBC}") = "WpfApp15", "WpfApp15\WpfApp15.csproj", "{50C5CB28-9AA5-4097-8058-CA9CA5D20122}"
EndProject
Global
	GlobalSection(SolutionConfigurationPlatforms) = preSolution
		Debug|Any CPU = Debug|Any CPU
		Release|Any CPU = Release|Any CPU
	EndGlobalSection
	GlobalSection(ProjectConfigurationPlatforms) = postSolution
		{50C5CB28-9AA5-4097-8058-CA9CA5D20122}.Debug|Any CPU.ActiveCfg = Debug|Any CPU
		{50C5CB28-9AA5-4097-8058-CA9CA5D20122}.Debug|Any CPU.Build.0 = Debug|Any CPU
		{50C5CB28-9AA5-4097-8058-CA9CA5D20122}.Release|Any CPU.ActiveCfg = Release|Any CPU
		{50C5CB28-9AA5-4097-8058-CA9CA5D20122}.Release|Any CPU.Build.0 = Release|Any CPU
	EndGlobalSection
	GlobalSection(SolutionProperties) = preSolution
		HideSolutionNode = FALSE
	EndGlobalSection
	GlobalSection(ExtensibilityGlobals) = postSolution
		SolutionGuid = {E994B7B2-EA49-40F7-AA34-41E05CB9AB5F}
	EndGlobalSection
EndGlobal
